
Microsoft Visual Studio Solution File, Format Version 12.00
# Visual Studio Version 17
VisualStudioVersion = 17.14.36401.2 d17.14
MinimumVisualStudioVersion = 10.0.40219.1
Project("{FAE04EC0-301F-11D3-BF4B-00C04F79EFBC}") = "Week02Day03ListDemo", "Week02Day03ListDemo\Week02Day03ListDemo.csproj", "{4CF73ED3-B03D-4A33-BE0E-4808CFED388E}"
EndProject
Global
	GlobalSection(SolutionConfigurationPlatforms) = preSolution
		Debug|Any CPU = Debug|Any CPU
		Release|Any CPU = Release|Any CPU
	EndGlobalSection
	GlobalSection(ProjectConfigurationPlatforms) = postSolution
		{4CF73ED3-B03D-4A33-BE0E-4808CFED388E}.Debug|Any CPU.ActiveCfg = Debug|Any CPU
		{4CF73ED3-B03D-4A33-BE0E-4808CFED388E}.Debug|Any CPU.Build.0 = Debug|Any CPU
		{4CF73ED3-B03D-4A33-BE0E-4808CFED388E}.Release|Any CPU.ActiveCfg = Release|Any CPU
		{4CF73ED3-B03D-4A33-BE0E-4808CFED388E}.Release|Any CPU.Build.0 = Release|Any CPU
	EndGlobalSection
	GlobalSection(SolutionProperties) = preSolution
		HideSolutionNode = FALSE
	EndGlobalSection
	GlobalSection(ExtensibilityGlobals) = postSolution
		SolutionGuid = {108F7FD7-E57C-4525-8904-EF188FD4467F}
	EndGlobalSection
EndGlobal
